// !$*UTF8*$!
{
	archiveVersion = 1;
	classes = {
	};
	objectVersion = 56;
	objects = {

/* Begin PBXBuildFile section */
		9D32BB4A29E980B400F41469 /* AppDelegate.swift in Sources */ = {isa = PBXBuildFile; fileRef = 9D32BB4929E980B400F41469 /* AppDelegate.swift */; };
		9D32BB4C29E980B400F41469 /* SceneDelegate.swift in Sources */ = {isa = PBXBuildFile; fileRef = 9D32BB4B29E980B400F41469 /* SceneDelegate.swift */; };
		9D32BB4E29E980B400F41469 /* GenreViewController.swift in Sources */ = {isa = PBXBuildFile; fileRef = 9D32BB4D29E980B400F41469 /* GenreViewController.swift */; };
		9D32BB5129E980B400F41469 /* Main.storyboard in Resources */ = {isa = PBXBuildFile; fileRef = 9D32BB4F29E980B400F41469 /* Main.storyboard */; };
		9D32BB5329E980B500F41469 /* Assets.xcassets in Resources */ = {isa = PBXBuildFile; fileRef = 9D32BB5229E980B500F41469 /* Assets.xcassets */; };
		9D32BB5629E980B500F41469 /* LaunchScreen.storyboard in Resources */ = {isa = PBXBuildFile; fileRef = 9D32BB5429E980B500F41469 /* LaunchScreen.storyboard */; };
		9D32BB6029E982AC00F41469 /* R.generated.swift in Sources */ = {isa = PBXBuildFile; fileRef = 9D32BB5F29E982AC00F41469 /* R.generated.swift */; };
		9D32BB6229E9BB6800F41469 /* Genre.swift in Sources */ = {isa = PBXBuildFile; fileRef = 9D32BB6129E9BB6800F41469 /* Genre.swift */; };
		9D6698CA29ED6AD100E268AF /* GenresResult.swift in Sources */ = {isa = PBXBuildFile; fileRef = 9D6698C929ED6AD100E268AF /* GenresResult.swift */; };
		9D6698D029EDB4A500E268AF /* PodcastsTableViewController.swift in Sources */ = {isa = PBXBuildFile; fileRef = 9D6698CF29EDB4A500E268AF /* PodcastsTableViewController.swift */; };
		9D6698D829EED6B600E268AF /* Podcasts.swift in Sources */ = {isa = PBXBuildFile; fileRef = 9D6698D729EED6B600E268AF /* Podcasts.swift */; };
		9D6698DA29EED89300E268AF /* PodcastsResult.swift in Sources */ = {isa = PBXBuildFile; fileRef = 9D6698D929EED89300E268AF /* PodcastsResult.swift */; };
		EC078E3AB87431FABCB61D3C /* Pods_Podcasts.framework in Frameworks */ = {isa = PBXBuildFile; fileRef = CCBABB62F6C281B04887F049 /* Pods_Podcasts.framework */; };
/* End PBXBuildFile section */

/* Begin PBXFileReference section */
		4413FD517009F7E3D35E1460 /* Pods-Podcasts.release.xcconfig */ = {isa = PBXFileReference; includeInIndex = 1; lastKnownFileType = text.xcconfig; name = "Pods-Podcasts.release.xcconfig"; path = "Target Support Files/Pods-Podcasts/Pods-Podcasts.release.xcconfig"; sourceTree = "<group>"; };
		8970E687EC48E09368F11E7F /* Pods-Podcasts.debug.xcconfig */ = {isa = PBXFileReference; includeInIndex = 1; lastKnownFileType = text.xcconfig; name = "Pods-Podcasts.debug.xcconfig"; path = "Target Support Files/Pods-Podcasts/Pods-Podcasts.debug.xcconfig"; sourceTree = "<group>"; };
		9D32BB4629E980B400F41469 /* Podcasts.app */ = {isa = PBXFileReference; explicitFileType = wrapper.application; includeInIndex = 0; path = Podcasts.app; sourceTree = BUILT_PRODUCTS_DIR; };
		9D32BB4929E980B400F41469 /* AppDelegate.swift */ = {isa = PBXFileReference; lastKnownFileType = sourcecode.swift; path = AppDelegate.swift; sourceTree = "<group>"; };
		9D32BB4B29E980B400F41469 /* SceneDelegate.swift */ = {isa = PBXFileReference; lastKnownFileType = sourcecode.swift; path = SceneDelegate.swift; sourceTree = "<group>"; };
		9D32BB4D29E980B400F41469 /* GenreViewController.swift */ = {isa = PBXFileReference; lastKnownFileType = sourcecode.swift; path = GenreViewController.swift; sourceTree = "<group>"; };
		9D32BB5029E980B400F41469 /* Base */ = {isa = PBXFileReference; lastKnownFileType = file.storyboard; name = Base; path = Base.lproj/Main.storyboard; sourceTree = "<group>"; };
		9D32BB5229E980B500F41469 /* Assets.xcassets */ = {isa = PBXFileReference; lastKnownFileType = folder.assetcatalog; path = Assets.xcassets; sourceTree = "<group>"; };
		9D32BB5529E980B500F41469 /* Base */ = {isa = PBXFileReference; lastKnownFileType = file.storyboard; name = Base; path = Base.lproj/LaunchScreen.storyboard; sourceTree = "<group>"; };
		9D32BB5729E980B500F41469 /* Info.plist */ = {isa = PBXFileReference; lastKnownFileType = text.plist.xml; path = Info.plist; sourceTree = "<group>"; };
		9D32BB5F29E982AC00F41469 /* R.generated.swift */ = {isa = PBXFileReference; fileEncoding = 4; lastKnownFileType = sourcecode.swift; path = R.generated.swift; sourceTree = SOURCE_ROOT; };
		9D32BB6129E9BB6800F41469 /* Genre.swift */ = {isa = PBXFileReference; lastKnownFileType = sourcecode.swift; path = Genre.swift; sourceTree = "<group>"; };
		9D6698C929ED6AD100E268AF /* GenresResult.swift */ = {isa = PBXFileReference; lastKnownFileType = sourcecode.swift; path = GenresResult.swift; sourceTree = "<group>"; };
		9D6698CF29EDB4A500E268AF /* PodcastsTableViewController.swift */ = {isa = PBXFileReference; lastKnownFileType = sourcecode.swift; path = PodcastsTableViewController.swift; sourceTree = "<group>"; };
		9D6698D729EED6B600E268AF /* Podcasts.swift */ = {isa = PBXFileReference; lastKnownFileType = sourcecode.swift; path = Podcasts.swift; sourceTree = "<group>"; };
		9D6698D929EED89300E268AF /* PodcastsResult.swift */ = {isa = PBXFileReference; lastKnownFileType = sourcecode.swift; path = PodcastsResult.swift; sourceTree = "<group>"; };
		CCBABB62F6C281B04887F049 /* Pods_Podcasts.framework */ = {isa = PBXFileReference; explicitFileType = wrapper.framework; includeInIndex = 0; path = Pods_Podcasts.framework; sourceTree = BUILT_PRODUCTS_DIR; };
/* End PBXFileReference section */

/* Begin PBXFrameworksBuildPhase section */
		9D32BB4329E980B400F41469 /* Frameworks */ = {
			isa = PBXFrameworksBuildPhase;
			buildActionMask = 2147483647;
			files = (
				EC078E3AB87431FABCB61D3C /* Pods_Podcasts.framework in Frameworks */,
			);
			runOnlyForDeploymentPostprocessing = 0;
		};
/* End PBXFrameworksBuildPhase section */

/* Begin PBXGroup section */
		656AB4C3F1CEE4E12D1B0C9F /* Pods */ = {
			isa = PBXGroup;
			children = (
				8970E687EC48E09368F11E7F /* Pods-Podcasts.debug.xcconfig */,
				4413FD517009F7E3D35E1460 /* Pods-Podcasts.release.xcconfig */,
			);
			path = Pods;
			sourceTree = "<group>";
		};
		7E1E9B5BB0877AFA4B649076 /* Frameworks */ = {
			isa = PBXGroup;
			children = (
				CCBABB62F6C281B04887F049 /* Pods_Podcasts.framework */,
			);
			name = Frameworks;
			sourceTree = "<group>";
		};
		9D32BB3D29E980B400F41469 = {
			isa = PBXGroup;
			children = (
				9D32BB4829E980B400F41469 /* Podcasts */,
				9D32BB4729E980B400F41469 /* Products */,
				656AB4C3F1CEE4E12D1B0C9F /* Pods */,
				7E1E9B5BB0877AFA4B649076 /* Frameworks */,
			);
			sourceTree = "<group>";
		};
		9D32BB4729E980B400F41469 /* Products */ = {
			isa = PBXGroup;
			children = (
				9D32BB4629E980B400F41469 /* Podcasts.app */,
			);
			name = Products;
			sourceTree = "<group>";
		};
		9D32BB4829E980B400F41469 /* Podcasts */ = {
			isa = PBXGroup;
			children = (
				9D32BB4929E980B400F41469 /* AppDelegate.swift */,
				9D32BB4B29E980B400F41469 /* SceneDelegate.swift */,
				9D32BB4D29E980B400F41469 /* GenreViewController.swift */,
				9D6698CF29EDB4A500E268AF /* PodcastsTableViewController.swift */,
				9D6698D729EED6B600E268AF /* Podcasts.swift */,
				9D6698D929EED89300E268AF /* PodcastsResult.swift */,
				9D32BB6129E9BB6800F41469 /* Genre.swift */,
				9D6698C929ED6AD100E268AF /* GenresResult.swift */,
				9D32BB5F29E982AC00F41469 /* R.generated.swift */,
				9D32BB4F29E980B400F41469 /* Main.storyboard */,
				9D32BB5229E980B500F41469 /* Assets.xcassets */,
				9D32BB5429E980B500F41469 /* LaunchScreen.storyboard */,
				9D32BB5729E980B500F41469 /* Info.plist */,
			);
			path = Podcasts;
			sourceTree = "<group>";
		};
/* End PBXGroup section */

/* Begin PBXNativeTarget section */
		9D32BB4529E980B400F41469 /* Podcasts */ = {
			isa = PBXNativeTarget;
			buildConfigurationList = 9D32BB5A29E980B500F41469 /* Build configuration list for PBXNativeTarget "Podcasts" */;
			buildPhases = (
				FB0433912731C907F58E6BAB /* [CP] Check Pods Manifest.lock */,
				9D32BB5D29E9825D00F41469 /* R.Swift */,
				9D32BB5E29E9827E00F41469 /* SwiftLint */,
				9D32BB4229E980B400F41469 /* Sources */,
				9D32BB4329E980B400F41469 /* Frameworks */,
				9D32BB4429E980B400F41469 /* Resources */,
				485739C781ABDF8242B3FF28 /* [CP] Embed Pods Frameworks */,
			);
			buildRules = (
			);
			dependencies = (
			);
			name = Podcasts;
			productName = Podcasts;
			productReference = 9D32BB4629E980B400F41469 /* Podcasts.app */;
			productType = "com.apple.product-type.application";
		};
/* End PBXNativeTarget section */

/* Begin PBXProject section */
		9D32BB3E29E980B400F41469 /* Project object */ = {
			isa = PBXProject;
			attributes = {
				BuildIndependentTargetsInParallel = 1;
				LastSwiftUpdateCheck = 1430;
				LastUpgradeCheck = 1430;
				TargetAttributes = {
					9D32BB4529E980B400F41469 = {
						CreatedOnToolsVersion = 14.3;
					};
				};
			};
			buildConfigurationList = 9D32BB4129E980B400F41469 /* Build configuration list for PBXProject "Podcasts" */;
			compatibilityVersion = "Xcode 14.0";
			developmentRegion = en;
			hasScannedForEncodings = 0;
			knownRegions = (
				en,
				Base,
			);
			mainGroup = 9D32BB3D29E980B400F41469;
			productRefGroup = 9D32BB4729E980B400F41469 /* Products */;
			projectDirPath = "";
			projectRoot = "";
			targets = (
				9D32BB4529E980B400F41469 /* Podcasts */,
			);
		};
/* End PBXProject section */

/* Begin PBXResourcesBuildPhase section */
		9D32BB4429E980B400F41469 /* Resources */ = {
			isa = PBXResourcesBuildPhase;
			buildActionMask = 2147483647;
			files = (
				9D32BB5629E980B500F41469 /* LaunchScreen.storyboard in Resources */,
				9D32BB5329E980B500F41469 /* Assets.xcassets in Resources */,
				9D32BB5129E980B400F41469 /* Main.storyboard in Resources */,
			);
			runOnlyForDeploymentPostprocessing = 0;
		};
/* End PBXResourcesBuildPhase section */

/* Begin PBXShellScriptBuildPhase section */
		485739C781ABDF8242B3FF28 /* [CP] Embed Pods Frameworks */ = {
			isa = PBXShellScriptBuildPhase;
			buildActionMask = 2147483647;
			files = (
			);
			inputFileListPaths = (
				"${PODS_ROOT}/Target Support Files/Pods-Podcasts/Pods-Podcasts-frameworks-${CONFIGURATION}-input-files.xcfilelist",
			);
			name = "[CP] Embed Pods Frameworks";
			outputFileListPaths = (
				"${PODS_ROOT}/Target Support Files/Pods-Podcasts/Pods-Podcasts-frameworks-${CONFIGURATION}-output-files.xcfilelist",
			);
			runOnlyForDeploymentPostprocessing = 0;
			shellPath = /bin/sh;
			shellScript = "\"${PODS_ROOT}/Target Support Files/Pods-Podcasts/Pods-Podcasts-frameworks.sh\"\n";
			showEnvVarsInLog = 0;
		};
		9D32BB5D29E9825D00F41469 /* R.Swift */ = {
			isa = PBXShellScriptBuildPhase;
			alwaysOutOfDate = 1;
			buildActionMask = 2147483647;
			files = (
			);
			inputFileListPaths = (
			);
			inputPaths = (
			);
			name = R.Swift;
			outputFileListPaths = (
			);
			outputPaths = (
				$SRCROOT/R.generated.swift,
			);
			runOnlyForDeploymentPostprocessing = 0;
			shellPath = /bin/sh;
			shellScript = "\"$PODS_ROOT/R.swift/rswift\" generate \"$SRCROOT/R.generated.swift\"\n";
		};
		9D32BB5E29E9827E00F41469 /* SwiftLint */ = {
			isa = PBXShellScriptBuildPhase;
			alwaysOutOfDate = 1;
			buildActionMask = 2147483647;
			files = (
			);
			inputFileListPaths = (
			);
			inputPaths = (
			);
			name = SwiftLint;
			outputFileListPaths = (
			);
			outputPaths = (
			);
			runOnlyForDeploymentPostprocessing = 0;
			shellPath = /bin/sh;
			shellScript = "${PODS_ROOT}/SwiftLint/swiftlint\n";
		};
		FB0433912731C907F58E6BAB /* [CP] Check Pods Manifest.lock */ = {
			isa = PBXShellScriptBuildPhase;
			buildActionMask = 2147483647;
			files = (
			);
			inputFileListPaths = (
			);
			inputPaths = (
				"${PODS_PODFILE_DIR_PATH}/Podfile.lock",
				"${PODS_ROOT}/Manifest.lock",
			);
			name = "[CP] Check Pods Manifest.lock";
			outputFileListPaths = (
			);
			outputPaths = (
				"$(DERIVED_FILE_DIR)/Pods-Podcasts-checkManifestLockResult.txt",
			);
			runOnlyForDeploymentPostprocessing = 0;
			shellPath = /bin/sh;
			shellScript = "diff \"${PODS_PODFILE_DIR_PATH}/Podfile.lock\" \"${PODS_ROOT}/Manifest.lock\" > /dev/null\nif [ $? != 0 ] ; then\n    # print error to STDERR\n    echo \"error: The sandbox is not in sync with the Podfile.lock. Run 'pod install' or update your CocoaPods installation.\" >&2\n    exit 1\nfi\n# This output is used by Xcode 'outputs' to avoid re-running this script phase.\necho \"SUCCESS\" > \"${SCRIPT_OUTPUT_FILE_0}\"\n";
			showEnvVarsInLog = 0;
		};
/* End PBXShellScriptBuildPhase section */

/* Begin PBXSourcesBuildPhase section */
		9D32BB4229E980B400F41469 /* Sources */ = {
			isa = PBXSourcesBuildPhase;
			buildActionMask = 2147483647;
			files = (
				9D32BB4E29E980B400F41469 /* GenreViewController.swift in Sources */,
				9D32BB6229E9BB6800F41469 /* Genre.swift in Sources */,
				9D6698D829EED6B600E268AF /* Podcasts.swift in Sources */,
				9D6698DA29EED89300E268AF /* PodcastsResult.swift in Sources */,
				9D32BB4A29E980B400F41469 /* AppDelegate.swift in Sources */,
				9D6698D029EDB4A500E268AF /* PodcastsTableViewController.swift in Sources */,
				9D32BB4C29E980B400F41469 /* SceneDelegate.swift in Sources */,
				9D6698CA29ED6AD100E268AF /* GenresResult.swift in Sources */,
				9D32BB6029E982AC00F41469 /* R.generated.swift in Sources */,
			);
			runOnlyForDeploymentPostprocessing = 0;
		};
/* End PBXSourcesBuildPhase section */

/* Begin PBXVariantGroup section */
		9D32BB4F29E980B400F41469 /* Main.storyboard */ = {
			isa = PBXVariantGroup;
			children = (
				9D32BB5029E980B400F41469 /* Base */,
			);
			name = Main.storyboard;
			sourceTree = "<group>";
		};
		9D32BB5429E980B500F41469 /* LaunchScreen.storyboard */ = {
			isa = PBXVariantGroup;
			children = (
				9D32BB5529E980B500F41469 /* Base */,
			);
			name = LaunchScreen.storyboard;
			sourceTree = "<group>";
		};
/* End PBXVariantGroup section */

/* Begin XCBuildConfiguration section */
		9D32BB5829E980B500F41469 /* Debug */ = {
			isa = XCBuildConfiguration;
			buildSettings = {
				ALWAYS_SEARCH_USER_PATHS = NO;
				CLANG_ANALYZER_NONNULL = YES;
				CLANG_ANALYZER_NUMBER_OBJECT_CONVERSION = YES_AGGRESSIVE;
				CLANG_CXX_LANGUAGE_STANDARD = "gnu++20";
				CLANG_ENABLE_MODULES = YES;
				CLANG_ENABLE_OBJC_ARC = YES;
				CLANG_ENABLE_OBJC_WEAK = YES;
				CLANG_WARN_BLOCK_CAPTURE_AUTORELEASING = YES;
				CLANG_WARN_BOOL_CONVERSION = YES;
				CLANG_WARN_COMMA = YES;
				CLANG_WARN_CONSTANT_CONVERSION = YES;
				CLANG_WARN_DEPRECATED_OBJC_IMPLEMENTATIONS = YES;
				CLANG_WARN_DIRECT_OBJC_ISA_USAGE = YES_ERROR;
				CLANG_WARN_DOCUMENTATION_COMMENTS = YES;
				CLANG_WARN_EMPTY_BODY = YES;
				CLANG_WARN_ENUM_CONVERSION = YES;
				CLANG_WARN_INFINITE_RECURSION = YES;
				CLANG_WARN_INT_CONVERSION = YES;
				CLANG_WARN_NON_LITERAL_NULL_CONVERSION = YES;
				CLANG_WARN_OBJC_IMPLICIT_RETAIN_SELF = YES;
				CLANG_WARN_OBJC_LITERAL_CONVERSION = YES;
				CLANG_WARN_OBJC_ROOT_CLASS = YES_ERROR;
				CLANG_WARN_QUOTED_INCLUDE_IN_FRAMEWORK_HEADER = YES;
				CLANG_WARN_RANGE_LOOP_ANALYSIS = YES;
				CLANG_WARN_STRICT_PROTOTYPES = YES;
				CLANG_WARN_SUSPICIOUS_MOVE = YES;
				CLANG_WARN_UNGUARDED_AVAILABILITY = YES_AGGRESSIVE;
				CLANG_WARN_UNREACHABLE_CODE = YES;
				CLANG_WARN__DUPLICATE_METHOD_MATCH = YES;
				COPY_PHASE_STRIP = NO;
				DEBUG_INFORMATION_FORMAT = dwarf;
				ENABLE_STRICT_OBJC_MSGSEND = YES;
				ENABLE_TESTABILITY = YES;
				GCC_C_LANGUAGE_STANDARD = gnu11;
				GCC_DYNAMIC_NO_PIC = NO;
				GCC_NO_COMMON_BLOCKS = YES;
				GCC_OPTIMIZATION_LEVEL = 0;
				GCC_PREPROCESSOR_DEFINITIONS = (
					"DEBUG=1",
					"$(inherited)",
				);
				GCC_WARN_64_TO_32_BIT_CONVERSION = YES;
				GCC_WARN_ABOUT_RETURN_TYPE = YES_ERROR;
				GCC_WARN_UNDECLARED_SELECTOR = YES;
				GCC_WARN_UNINITIALIZED_AUTOS = YES_AGGRESSIVE;
				GCC_WARN_UNUSED_FUNCTION = YES;
				GCC_WARN_UNUSED_VARIABLE = YES;
				IPHONEOS_DEPLOYMENT_TARGET = 16.4;
				MTL_ENABLE_DEBUG_INFO = INCLUDE_SOURCE;
				MTL_FAST_MATH = YES;
				ONLY_ACTIVE_ARCH = YES;
				SDKROOT = iphoneos;
				SWIFT_ACTIVE_COMPILATION_CONDITIONS = DEBUG;
				SWIFT_OPTIMIZATION_LEVEL = "-Onone";
			};
			name = Debug;
		};
		9D32BB5929E980B500F41469 /* Release */ = {
			isa = XCBuildConfiguration;
			buildSettings = {
				ALWAYS_SEARCH_USER_PATHS = NO;
				CLANG_ANALYZER_NONNULL = YES;
				CLANG_ANALYZER_NUMBER_OBJECT_CONVERSION = YES_AGGRESSIVE;
				CLANG_CXX_LANGUAGE_STANDARD = "gnu++20";
				CLANG_ENABLE_MODULES = YES;
				CLANG_ENABLE_OBJC_ARC = YES;
				CLANG_ENABLE_OBJC_WEAK = YES;
				CLANG_WARN_BLOCK_CAPTURE_AUTORELEASING = YES;
				CLANG_WARN_BOOL_CONVERSION = YES;
				CLANG_WARN_COMMA = YES;
				CLANG_WARN_CONSTANT_CONVERSION = YES;
				CLANG_WARN_DEPRECATED_OBJC_IMPLEMENTATIONS = YES;
				CLANG_WARN_DIRECT_OBJC_ISA_USAGE = YES_ERROR;
				CLANG_WARN_DOCUMENTATION_COMMENTS = YES;
				CLANG_WARN_EMPTY_BODY = YES;
				CLANG_WARN_ENUM_CONVERSION = YES;
				CLANG_WARN_INFINITE_RECURSION = YES;
				CLANG_WARN_INT_CONVERSION = YES;
				CLANG_WARN_NON_LITERAL_NULL_CONVERSION = YES;
				CLANG_WARN_OBJC_IMPLICIT_RETAIN_SELF = YES;
				CLANG_WARN_OBJC_LITERAL_CONVERSION = YES;
				CLANG_WARN_OBJC_ROOT_CLASS = YES_ERROR;
				CLANG_WARN_QUOTED_INCLUDE_IN_FRAMEWORK_HEADER = YES;
				CLANG_WARN_RANGE_LOOP_ANALYSIS = YES;
				CLANG_WARN_STRICT_PROTOTYPES = YES;
				CLANG_WARN_SUSPICIOUS_MOVE = YES;
				CLANG_WARN_UNGUARDED_AVAILABILITY = YES_AGGRESSIVE;
				CLANG_WARN_UNREACHABLE_CODE = YES;
				CLANG_WARN__DUPLICATE_METHOD_MATCH = YES;
				COPY_PHASE_STRIP = NO;
				DEBUG_INFORMATION_FORMAT = "dwarf-with-dsym";
				ENABLE_NS_ASSERTIONS = NO;
				ENABLE_STRICT_OBJC_MSGSEND = YES;
				GCC_C_LANGUAGE_STANDARD = gnu11;
				GCC_NO_COMMON_BLOCKS = YES;
				GCC_WARN_64_TO_32_BIT_CONVERSION = YES;
				GCC_WARN_ABOUT_RETURN_TYPE = YES_ERROR;
				GCC_WARN_UNDECLARED_SELECTOR = YES;
				GCC_WARN_UNINITIALIZED_AUTOS = YES_AGGRESSIVE;
				GCC_WARN_UNUSED_FUNCTION = YES;
				GCC_WARN_UNUSED_VARIABLE = YES;
				IPHONEOS_DEPLOYMENT_TARGET = 16.4;
				MTL_ENABLE_DEBUG_INFO = NO;
				MTL_FAST_MATH = YES;
				SDKROOT = iphoneos;
				SWIFT_COMPILATION_MODE = wholemodule;
				SWIFT_OPTIMIZATION_LEVEL = "-O";
				VALIDATE_PRODUCT = YES;
			};
			name = Release;
		};
		9D32BB5B29E980B500F41469 /* Debug */ = {
			isa = XCBuildConfiguration;
			baseConfigurationReference = 8970E687EC48E09368F11E7F /* Pods-Podcasts.debug.xcconfig */;
			buildSettings = {
				ASSETCATALOG_COMPILER_APPICON_NAME = AppIcon;
				ASSETCATALOG_COMPILER_GLOBAL_ACCENT_COLOR_NAME = AccentColor;
				CODE_SIGN_STYLE = Automatic;
				CURRENT_PROJECT_VERSION = 1;
				DEVELOPMENT_TEAM = PW6M6C34BW;
				GENERATE_INFOPLIST_FILE = YES;
				INFOPLIST_FILE = Podcasts/Info.plist;
				INFOPLIST_KEY_UIApplicationSupportsIndirectInputEvents = YES;
				INFOPLIST_KEY_UILaunchStoryboardName = LaunchScreen;
				INFOPLIST_KEY_UIMainStoryboardFile = Main;
				INFOPLIST_KEY_UISupportedInterfaceOrientations = UIInterfaceOrientationPortrait;
				IPHONEOS_DEPLOYMENT_TARGET = 14.0;
				LD_RUNPATH_SEARCH_PATHS = (
					"$(inherited)",
					"@executable_path/Frameworks",
				);
				MARKETING_VERSION = 1.0;
				PRODUCT_BUNDLE_IDENTIFIER = sad.Podcasts;
				PRODUCT_NAME = "$(TARGET_NAME)";
				SWIFT_EMIT_LOC_STRINGS = YES;
				SWIFT_VERSION = 5.0;
				TARGETED_DEVICE_FAMILY = "1,2";
			};
			name = Debug;
		};
		9D32BB5C29E980B500F41469 /* Release */ = {
			isa = XCBuildConfiguration;
			baseConfigurationReference = 4413FD517009F7E3D35E1460 /* Pods-Podcasts.release.xcconfig */;
			buildSettings = {
				ASSETCATALOG_COMPILER_APPICON_NAME = AppIcon;
				ASSETCATALOG_COMPILER_GLOBAL_ACCENT_COLOR_NAME = AccentColor;
				CODE_SIGN_STYLE = Automatic;
				CURRENT_PROJECT_VERSION = 1;
				DEVELOPMENT_TEAM = PW6M6C34BW;
				GENERATE_INFOPLIST_FILE = YES;
				INFOPLIST_FILE = Podcasts/Info.plist;
				INFOPLIST_KEY_UIApplicationSupportsIndirectInputEvents = YES;
				INFOPLIST_KEY_UILaunchStoryboardName = LaunchScreen;
				INFOPLIST_KEY_UIMainStoryboardFile = Main;
				INFOPLIST_KEY_UISupportedInterfaceOrientations = UIInterfaceOrientationPortrait;
				IPHONEOS_DEPLOYMENT_TARGET = 14.0;
				LD_RUNPATH_SEARCH_PATHS = (
					"$(inherited)",
					"@executable_path/Frameworks",
				);
				MARKETING_VERSION = 1.0;
				PRODUCT_BUNDLE_IDENTIFIER = sad.Podcasts;
				PRODUCT_NAME = "$(TARGET_NAME)";
				SWIFT_EMIT_LOC_STRINGS = YES;
				SWIFT_VERSION = 5.0;
				TARGETED_DEVICE_FAMILY = "1,2";
			};
			name = Release;
		};
/* End XCBuildConfiguration section */

/* Begin XCConfigurationList section */
		9D32BB4129E980B400F41469 /* Build configuration list for PBXProject "Podcasts" */ = {
			isa = XCConfigurationList;
			buildConfigurations = (
				9D32BB5829E980B500F41469 /* Debug */,
				9D32BB5929E980B500F41469 /* Release */,
			);
			defaultConfigurationIsVisible = 0;
			defaultConfigurationName = Release;
		};
		9D32BB5A29E980B500F41469 /* Build configuration list for PBXNativeTarget "Podcasts" */ = {
			isa = XCConfigurationList;
			buildConfigurations = (
				9D32BB5B29E980B500F41469 /* Debug */,
				9D32BB5C29E980B500F41469 /* Release */,
			);
			defaultConfigurationIsVisible = 0;
			defaultConfigurationName = Release;
		};
/* End XCConfigurationList section */
	};
	rootObject = 9D32BB3E29E980B400F41469 /* Project object */;
}
